
Microsoft Visual Studio Solution File, Format Version 12.00
# Visual Studio 15
VisualStudioVersion = 15.0.28307.421
MinimumVisualStudioVersion = 10.0.40219.1
Project("{FAE04EC0-301F-11D3-BF4B-00C04F79EFBC}") = "VerySeriousEngine", "VerySeriousEngine\VerySeriousEngine.csproj", "{5F7DBE51-8AB1-42D3-9381-9598FD538CA2}"
EndProject
Project("{FAE04EC0-301F-11D3-BF4B-00C04F79EFBC}") = "Pong", "Pong\Pong.csproj", "{E6FC5B4F-2C4E-401B-9720-369634A56701}"
EndProject
Project("{FAE04EC0-301F-11D3-BF4B-00C04F79EFBC}") = "TestProject", "TestProject\TestProject.csproj", "{7C9D3340-CF4A-497C-A133-F6E00A577217}"
EndProject
Global
	GlobalSection(SolutionConfigurationPlatforms) = preSolution
		Debug|Any CPU = Debug|Any CPU
		Release|Any CPU = Release|Any CPU
	EndGlobalSection
	GlobalSection(ProjectConfigurationPlatforms) = postSolution
		{5F7DBE51-8AB1-42D3-9381-9598FD538CA2}.Debug|Any CPU.ActiveCfg = Debug|Any CPU
		{5F7DBE51-8AB1-42D3-9381-9598FD538CA2}.Debug|Any CPU.Build.0 = Debug|Any CPU
		{5F7DBE51-8AB1-42D3-9381-9598FD538CA2}.Release|Any CPU.ActiveCfg = Release|Any CPU
		{5F7DBE51-8AB1-42D3-9381-9598FD538CA2}.Release|Any CPU.Build.0 = Release|Any CPU
		{E6FC5B4F-2C4E-401B-9720-369634A56701}.Debug|Any CPU.ActiveCfg = Debug|Any CPU
		{E6FC5B4F-2C4E-401B-9720-369634A56701}.Debug|Any CPU.Build.0 = Debug|Any CPU
		{E6FC5B4F-2C4E-401B-9720-369634A56701}.Release|Any CPU.ActiveCfg = Release|Any CPU
		{E6FC5B4F-2C4E-401B-9720-369634A56701}.Release|Any CPU.Build.0 = Release|Any CPU
		{7C9D3340-CF4A-497C-A133-F6E00A577217}.Debug|Any CPU.ActiveCfg = Debug|Any CPU
		{7C9D3340-CF4A-497C-A133-F6E00A577217}.Debug|Any CPU.Build.0 = Debug|Any CPU
		{7C9D3340-CF4A-497C-A133-F6E00A577217}.Release|Any CPU.ActiveCfg = Release|Any CPU
		{7C9D3340-CF4A-497C-A133-F6E00A577217}.Release|Any CPU.Build.0 = Release|Any CPU
	EndGlobalSection
	GlobalSection(SolutionProperties) = preSolution
		HideSolutionNode = FALSE
	EndGlobalSection
	GlobalSection(ExtensibilityGlobals) = postSolution
		SolutionGuid = {12E31184-F78D-4C0D-A44F-9F73CC8098FB}
	EndGlobalSection
EndGlobal
